
Microsoft Visual Studio Solution File, Format Version 12.00
# Visual Studio Version 16
VisualStudioVersion = 16.0.29905.134
MinimumVisualStudioVersion = 10.0.40219.1
Project("{FAE04EC0-301F-11D3-BF4B-00C04F79EFBC}") = "LibraryNET.Uwp", "LibraryNET.Uwp\LibraryNET.Uwp.csproj", "{0B93FA5A-AF7F-4211-9333-EC8DD354A056}"
EndProject
Project("{9A19103F-16F7-4668-BE54-9A1E7A4F7556}") = "LibraryNET.Model", "LibraryNET.Model\LibraryNET.Model.csproj", "{2C46A572-7062-4CEE-9530-448A4CC629EB}"
EndProject
Project("{9A19103F-16F7-4668-BE54-9A1E7A4F7556}") = "LibraryNET.Database", "LibraryNET.Database\LibraryNET.Database.csproj", "{4A3427AD-383B-4C4A-9048-599BAC6A2098}"
EndProject
Project("{9A19103F-16F7-4668-BE54-9A1E7A4F7556}") = "LibraryNET.Api", "LibraryNET.Api\LibraryNET.Api.csproj", "{0391997D-0A73-43F6-B270-D60256980B28}"
EndProject
Project("{FAE04EC0-301F-11D3-BF4B-00C04F79EFBC}") = "LibraryNET.DonauApi", "LibraryNET.DonauApi\LibraryNET.DonauApi.csproj", "{0388D0E7-945B-4733-8D52-2933FA96CB99}"
EndProject
Global
	GlobalSection(SolutionConfigurationPlatforms) = preSolution
		Debug|Any CPU = Debug|Any CPU
		Debug|ARM = Debug|ARM
		Debug|ARM64 = Debug|ARM64
		Debug|x64 = Debug|x64
		Debug|x86 = Debug|x86
		Release|Any CPU = Release|Any CPU
		Release|ARM = Release|ARM
		Release|ARM64 = Release|ARM64
		Release|x64 = Release|x64
		Release|x86 = Release|x86
	EndGlobalSection
	GlobalSection(ProjectConfigurationPlatforms) = postSolution
		{0B93FA5A-AF7F-4211-9333-EC8DD354A056}.Debug|Any CPU.ActiveCfg = Debug|x86
		{0B93FA5A-AF7F-4211-9333-EC8DD354A056}.Debug|ARM.ActiveCfg = Debug|ARM
		{0B93FA5A-AF7F-4211-9333-EC8DD354A056}.Debug|ARM.Build.0 = Debug|ARM
		{0B93FA5A-AF7F-4211-9333-EC8DD354A056}.Debug|ARM.Deploy.0 = Debug|ARM
		{0B93FA5A-AF7F-4211-9333-EC8DD354A056}.Debug|ARM64.ActiveCfg = Debug|ARM64
		{0B93FA5A-AF7F-4211-9333-EC8DD354A056}.Debug|ARM64.Build.0 = Debug|ARM64
		{0B93FA5A-AF7F-4211-9333-EC8DD354A056}.Debug|ARM64.Deploy.0 = Debug|ARM64
		{0B93FA5A-AF7F-4211-9333-EC8DD354A056}.Debug|x64.ActiveCfg = Debug|x64
		{0B93FA5A-AF7F-4211-9333-EC8DD354A056}.Debug|x64.Build.0 = Debug|x64
		{0B93FA5A-AF7F-4211-9333-EC8DD354A056}.Debug|x64.Deploy.0 = Debug|x64
		{0B93FA5A-AF7F-4211-9333-EC8DD354A056}.Debug|x86.ActiveCfg = Debug|x86
		{0B93FA5A-AF7F-4211-9333-EC8DD354A056}.Debug|x86.Build.0 = Debug|x86
		{0B93FA5A-AF7F-4211-9333-EC8DD354A056}.Debug|x86.Deploy.0 = Debug|x86
		{0B93FA5A-AF7F-4211-9333-EC8DD354A056}.Release|Any CPU.ActiveCfg = Release|x86
		{0B93FA5A-AF7F-4211-9333-EC8DD354A056}.Release|ARM.ActiveCfg = Release|ARM
		{0B93FA5A-AF7F-4211-9333-EC8DD354A056}.Release|ARM.Build.0 = Release|ARM
		{0B93FA5A-AF7F-4211-9333-EC8DD354A056}.Release|ARM.Deploy.0 = Release|ARM
		{0B93FA5A-AF7F-4211-9333-EC8DD354A056}.Release|ARM64.ActiveCfg = Release|ARM64
		{0B93FA5A-AF7F-4211-9333-EC8DD354A056}.Release|ARM64.Build.0 = Release|ARM64
		{0B93FA5A-AF7F-4211-9333-EC8DD354A056}.Release|ARM64.Deploy.0 = Release|ARM64
		{0B93FA5A-AF7F-4211-9333-EC8DD354A056}.Release|x64.ActiveCfg = Release|x64
		{0B93FA5A-AF7F-4211-9333-EC8DD354A056}.Release|x64.Build.0 = Release|x64
		{0B93FA5A-AF7F-4211-9333-EC8DD354A056}.Release|x64.Deploy.0 = Release|x64
		{0B93FA5A-AF7F-4211-9333-EC8DD354A056}.Release|x86.ActiveCfg = Release|x86
		{0B93FA5A-AF7F-4211-9333-EC8DD354A056}.Release|x86.Build.0 = Release|x86
		{0B93FA5A-AF7F-4211-9333-EC8DD354A056}.Release|x86.Deploy.0 = Release|x86
		{2C46A572-7062-4CEE-9530-448A4CC629EB}.Debug|Any CPU.ActiveCfg = Debug|Any CPU
		{2C46A572-7062-4CEE-9530-448A4CC629EB}.Debug|Any CPU.Build.0 = Debug|Any CPU
		{2C46A572-7062-4CEE-9530-448A4CC629EB}.Debug|ARM.ActiveCfg = Debug|Any CPU
		{2C46A572-7062-4CEE-9530-448A4CC629EB}.Debug|ARM.Build.0 = Debug|Any CPU
		{2C46A572-7062-4CEE-9530-448A4CC629EB}.Debug|ARM64.ActiveCfg = Debug|Any CPU
		{2C46A572-7062-4CEE-9530-448A4CC629EB}.Debug|ARM64.Build.0 = Debug|Any CPU
		{2C46A572-7062-4CEE-9530-448A4CC629EB}.Debug|x64.ActiveCfg = Debug|Any CPU
		{2C46A572-7062-4CEE-9530-448A4CC629EB}.Debug|x64.Build.0 = Debug|Any CPU
		{2C46A572-7062-4CEE-9530-448A4CC629EB}.Debug|x86.ActiveCfg = Debug|Any CPU
		{2C46A572-7062-4CEE-9530-448A4CC629EB}.Debug|x86.Build.0 = Debug|Any CPU
		{2C46A572-7062-4CEE-9530-448A4CC629EB}.Release|Any CPU.ActiveCfg = Release|Any CPU
		{2C46A572-7062-4CEE-9530-448A4CC629EB}.Release|Any CPU.Build.0 = Release|Any CPU
		{2C46A572-7062-4CEE-9530-448A4CC629EB}.Release|ARM.ActiveCfg = Release|Any CPU
		{2C46A572-7062-4CEE-9530-448A4CC629EB}.Release|ARM.Build.0 = Release|Any CPU
		{2C46A572-7062-4CEE-9530-448A4CC629EB}.Release|ARM64.ActiveCfg = Release|Any CPU
		{2C46A572-7062-4CEE-9530-448A4CC629EB}.Release|ARM64.Build.0 = Release|Any CPU
		{2C46A572-7062-4CEE-9530-448A4CC629EB}.Release|x64.ActiveCfg = Release|Any CPU
		{2C46A572-7062-4CEE-9530-448A4CC629EB}.Release|x64.Build.0 = Release|Any CPU
		{2C46A572-7062-4CEE-9530-448A4CC629EB}.Release|x86.ActiveCfg = Release|Any CPU
		{2C46A572-7062-4CEE-9530-448A4CC629EB}.Release|x86.Build.0 = Release|Any CPU
		{4A3427AD-383B-4C4A-9048-599BAC6A2098}.Debug|Any CPU.ActiveCfg = Debug|Any CPU
		{4A3427AD-383B-4C4A-9048-599BAC6A2098}.Debug|Any CPU.Build.0 = Debug|Any CPU
		{4A3427AD-383B-4C4A-9048-599BAC6A2098}.Debug|ARM.ActiveCfg = Debug|Any CPU
		{4A3427AD-383B-4C4A-9048-599BAC6A2098}.Debug|ARM.Build.0 = Debug|Any CPU
		{4A3427AD-383B-4C4A-9048-599BAC6A2098}.Debug|ARM64.ActiveCfg = Debug|Any CPU
		{4A3427AD-383B-4C4A-9048-599BAC6A2098}.Debug|ARM64.Build.0 = Debug|Any CPU
		{4A3427AD-383B-4C4A-9048-599BAC6A2098}.Debug|x64.ActiveCfg = Debug|Any CPU
		{4A3427AD-383B-4C4A-9048-599BAC6A2098}.Debug|x64.Build.0 = Debug|Any CPU
		{4A3427AD-383B-4C4A-9048-599BAC6A2098}.Debug|x86.ActiveCfg = Debug|Any CPU
		{4A3427AD-383B-4C4A-9048-599BAC6A2098}.Debug|x86.Build.0 = Debug|Any CPU
		{4A3427AD-383B-4C4A-9048-599BAC6A2098}.Release|Any CPU.ActiveCfg = Release|Any CPU
		{4A3427AD-383B-4C4A-9048-599BAC6A2098}.Release|Any CPU.Build.0 = Release|Any CPU
		{4A3427AD-383B-4C4A-9048-599BAC6A2098}.Release|ARM.ActiveCfg = Release|Any CPU
		{4A3427AD-383B-4C4A-9048-599BAC6A2098}.Release|ARM.Build.0 = Release|Any CPU
		{4A3427AD-383B-4C4A-9048-599BAC6A2098}.Release|ARM64.ActiveCfg = Release|Any CPU
		{4A3427AD-383B-4C4A-9048-599BAC6A2098}.Release|ARM64.Build.0 = Release|Any CPU
		{4A3427AD-383B-4C4A-9048-599BAC6A2098}.Release|x64.ActiveCfg = Release|Any CPU
		{4A3427AD-383B-4C4A-9048-599BAC6A2098}.Release|x64.Build.0 = Release|Any CPU
		{4A3427AD-383B-4C4A-9048-599BAC6A2098}.Release|x86.ActiveCfg = Release|Any CPU
		{4A3427AD-383B-4C4A-9048-599BAC6A2098}.Release|x86.Build.0 = Release|Any CPU
		{0391997D-0A73-43F6-B270-D60256980B28}.Debug|Any CPU.ActiveCfg = Debug|Any CPU
		{0391997D-0A73-43F6-B270-D60256980B28}.Debug|Any CPU.Build.0 = Debug|Any CPU
		{0391997D-0A73-43F6-B270-D60256980B28}.Debug|ARM.ActiveCfg = Debug|Any CPU
		{0391997D-0A73-43F6-B270-D60256980B28}.Debug|ARM.Build.0 = Debug|Any CPU
		{0391997D-0A73-43F6-B270-D60256980B28}.Debug|ARM64.ActiveCfg = Debug|Any CPU
		{0391997D-0A73-43F6-B270-D60256980B28}.Debug|ARM64.Build.0 = Debug|Any CPU
		{0391997D-0A73-43F6-B270-D60256980B28}.Debug|x64.ActiveCfg = Debug|Any CPU
		{0391997D-0A73-43F6-B270-D60256980B28}.Debug|x64.Build.0 = Debug|Any CPU
		{0391997D-0A73-43F6-B270-D60256980B28}.Debug|x86.ActiveCfg = Debug|Any CPU
		{0391997D-0A73-43F6-B270-D60256980B28}.Debug|x86.Build.0 = Debug|Any CPU
		{0391997D-0A73-43F6-B270-D60256980B28}.Release|Any CPU.ActiveCfg = Release|Any CPU
		{0391997D-0A73-43F6-B270-D60256980B28}.Release|Any CPU.Build.0 = Release|Any CPU
		{0391997D-0A73-43F6-B270-D60256980B28}.Release|ARM.ActiveCfg = Release|Any CPU
		{0391997D-0A73-43F6-B270-D60256980B28}.Release|ARM.Build.0 = Release|Any CPU
		{0391997D-0A73-43F6-B270-D60256980B28}.Release|ARM64.ActiveCfg = Release|Any CPU
		{0391997D-0A73-43F6-B270-D60256980B28}.Release|ARM64.Build.0 = Release|Any CPU
		{0391997D-0A73-43F6-B270-D60256980B28}.Release|x64.ActiveCfg = Release|Any CPU
		{0391997D-0A73-43F6-B270-D60256980B28}.Release|x64.Build.0 = Release|Any CPU
		{0391997D-0A73-43F6-B270-D60256980B28}.Release|x86.ActiveCfg = Release|Any CPU
		{0391997D-0A73-43F6-B270-D60256980B28}.Release|x86.Build.0 = Release|Any CPU
		{0388D0E7-945B-4733-8D52-2933FA96CB99}.Debug|Any CPU.ActiveCfg = Debug|Any CPU
		{0388D0E7-945B-4733-8D52-2933FA96CB99}.Debug|Any CPU.Build.0 = Debug|Any CPU
		{0388D0E7-945B-4733-8D52-2933FA96CB99}.Debug|ARM.ActiveCfg = Debug|ARM
		{0388D0E7-945B-4733-8D52-2933FA96CB99}.Debug|ARM.Build.0 = Debug|ARM
		{0388D0E7-945B-4733-8D52-2933FA96CB99}.Debug|ARM64.ActiveCfg = Debug|ARM64
		{0388D0E7-945B-4733-8D52-2933FA96CB99}.Debug|ARM64.Build.0 = Debug|ARM64
		{0388D0E7-945B-4733-8D52-2933FA96CB99}.Debug|x64.ActiveCfg = Debug|x64
		{0388D0E7-945B-4733-8D52-2933FA96CB99}.Debug|x64.Build.0 = Debug|x64
		{0388D0E7-945B-4733-8D52-2933FA96CB99}.Debug|x86.ActiveCfg = Debug|x86
		{0388D0E7-945B-4733-8D52-2933FA96CB99}.Debug|x86.Build.0 = Debug|x86
		{0388D0E7-945B-4733-8D52-2933FA96CB99}.Release|Any CPU.ActiveCfg = Release|Any CPU
		{0388D0E7-945B-4733-8D52-2933FA96CB99}.Release|Any CPU.Build.0 = Release|Any CPU
		{0388D0E7-945B-4733-8D52-2933FA96CB99}.Release|ARM.ActiveCfg = Release|ARM
		{0388D0E7-945B-4733-8D52-2933FA96CB99}.Release|ARM.Build.0 = Release|ARM
		{0388D0E7-945B-4733-8D52-2933FA96CB99}.Release|ARM64.ActiveCfg = Release|ARM64
		{0388D0E7-945B-4733-8D52-2933FA96CB99}.Release|ARM64.Build.0 = Release|ARM64
		{0388D0E7-945B-4733-8D52-2933FA96CB99}.Release|x64.ActiveCfg = Release|x64
		{0388D0E7-945B-4733-8D52-2933FA96CB99}.Release|x64.Build.0 = Release|x64
		{0388D0E7-945B-4733-8D52-2933FA96CB99}.Release|x86.ActiveCfg = Release|x86
		{0388D0E7-945B-4733-8D52-2933FA96CB99}.Release|x86.Build.0 = Release|x86
	EndGlobalSection
	GlobalSection(SolutionProperties) = preSolution
		HideSolutionNode = FALSE
	EndGlobalSection
	GlobalSection(ExtensibilityGlobals) = postSolution
		SolutionGuid = {A4BF93D7-017B-458E-A763-5E658244FF1A}
	EndGlobalSection
EndGlobal
